
Microsoft Visual Studio Solution File, Format Version 12.00
# Visual Studio 2012
Project("{FAE04EC0-301F-11D3-BF4B-00C04F79EFBC}") = "WHU2019302050008", "WHU2019302050008\WHU2019302050008.csproj", "{1866AE15-2B5D-430D-B1EB-7623E1767E7A}"
EndProject
Global
	GlobalSection(SolutionConfigurationPlatforms) = preSolution
		Debug|x86 = Debug|x86
		Release|x86 = Release|x86
	EndGlobalSection
	GlobalSection(ProjectConfigurationPlatforms) = postSolution
		{1866AE15-2B5D-430D-B1EB-7623E1767E7A}.Debug|x86.ActiveCfg = Debug|x86
		{1866AE15-2B5D-430D-B1EB-7623E1767E7A}.Debug|x86.Build.0 = Debug|x86
		{1866AE15-2B5D-430D-B1EB-7623E1767E7A}.Release|x86.ActiveCfg = Release|x86
		{1866AE15-2B5D-430D-B1EB-7623E1767E7A}.Release|x86.Build.0 = Release|x86
	EndGlobalSection
	GlobalSection(SolutionProperties) = preSolution
		HideSolutionNode = FALSE
	EndGlobalSection
EndGlobal
